<?xml version="1.0" encoding="utf-8"?>
<Project ToolsVersion="4.0" xmlns="http://schemas.microsoft.com/developer/msbuild/2003">
  <ItemGroup>
    <Filter Include="Source Files">
      <UniqueIdentifier>{4FC737F1-C7A5-4376-A066-2A32D752A2FF}</UniqueIdentifier>
      <Extensions>cpp;c;cc;cxx;def;odl;idl;hpj;bat;asm;asmx</Extensions>
    </Filter>
    <Filter Include="Header Files">
      <UniqueIdentifier>{93995380-89BD-4b04-88EB-625FBE52EBFB}</UniqueIdentifier>
      <Extensions>h;hh;hpp;hxx;hm;inl;inc;xsd</Extensions>
    </Filter>
    <Filter Include="Source Files\config">
      <UniqueIdentifier>{3a80e548-3ff7-4625-8c2d-2b2fb41b4b46}</UniqueIdentifier>
    </Filter>
  </ItemGroup>
  <ItemGroup>
    <None Include="emonDeviceFw.ino" />
  </ItemGroup>
  <ItemGroup>
    <ClInclude Include="__vm\.emonDeviceFw.vsarduino.h">
      <Filter>Header Files</Filter>
    </ClInclude>
    <ClInclude Include="src\board.h">
      <Filter>Source Files</Filter>
    </ClInclude>
    <ClInclude Include="src\EnergyMonitor.h">
      <Filter>Source Files</Filter>
    </ClInclude>
    <ClInclude Include="src\config\EnergyMonitorConfig.h">
      <Filter>Source Files\config</Filter>
    </ClInclude>
    <ClInclude Include="src\config\EnergyMonitorConfigProvider.h">
      <Filter>Source Files\config</Filter>
    </ClInclude>
  </ItemGroup>
  <ItemGroup>
    <ClCompile Include="src\EnergyMonitor.cpp">
      <Filter>Source Files</Filter>
    </ClCompile>
    <ClCompile Include="src\config\EnergyMonitorConfig.cpp">
      <Filter>Source Files\config</Filter>
    </ClCompile>
    <ClCompile Include="src\config\EnergyMonitorConfigProvider.cpp">
      <Filter>Source Files\config</Filter>
    </ClCompile>
  </ItemGroup>
</Project>